// !$*UTF8*$!
{
	archiveVersion = 1;
	classes = {
	};
	objectVersion = 50;
	objects = {

/* Begin PBXBuildFile section */
		D652621620CB5D8100283451 /* ForceHTTP.h in Headers */ = {isa = PBXBuildFile; fileRef = D652621420CB5D8100283451 /* ForceHTTP.h */; settings = {ATTRIBUTES = (Public, ); }; };
		D652622320CB5E8100283451 /* FHTTPConnection.swift in Sources */ = {isa = PBXBuildFile; fileRef = D652621920CB5E8100283451 /* FHTTPConnection.swift */; };
		D652622420CB5E8100283451 /* FHTTPRequest.swift in Sources */ = {isa = PBXBuildFile; fileRef = D652621A20CB5E8100283451 /* FHTTPRequest.swift */; };
		D652622520CB5E8100283451 /* FHTTPForm.swift in Sources */ = {isa = PBXBuildFile; fileRef = D652621B20CB5E8100283451 /* FHTTPForm.swift */; };
		D652622620CB5E8100283451 /* FHTTPScheme.swift in Sources */ = {isa = PBXBuildFile; fileRef = D652621C20CB5E8100283451 /* FHTTPScheme.swift */; };
		D652622720CB5E8100283451 /* FHTTPSession.swift in Sources */ = {isa = PBXBuildFile; fileRef = D652621D20CB5E8100283451 /* FHTTPSession.swift */; };
		D652622820CB5E8100283451 /* FHTTPService.swift in Sources */ = {isa = PBXBuildFile; fileRef = D652621E20CB5E8100283451 /* FHTTPService.swift */; };
		D652622920CB5E8100283451 /* FHTTPMethod.swift in Sources */ = {isa = PBXBuildFile; fileRef = D652621F20CB5E8100283451 /* FHTTPMethod.swift */; };
		D652622A20CB5E8100283451 /* FHTTPHeader.swift in Sources */ = {isa = PBXBuildFile; fileRef = D652622020CB5E8100283451 /* FHTTPHeader.swift */; };
		D652622B20CB5E8100283451 /* FHTTPResponse.swift in Sources */ = {isa = PBXBuildFile; fileRef = D652622120CB5E8100283451 /* FHTTPResponse.swift */; };
		D652622C20CB5E8100283451 /* FHTTPError.swift in Sources */ = {isa = PBXBuildFile; fileRef = D652622220CB5E8100283451 /* FHTTPError.swift */; };
/* End PBXBuildFile section */

/* Begin PBXFileReference section */
		D65261F120CB5D3C00283451 /* ForceHTTP.framework */ = {isa = PBXFileReference; explicitFileType = wrapper.framework; includeInIndex = 0; path = ForceHTTP.framework; sourceTree = BUILT_PRODUCTS_DIR; };
		D652621420CB5D8100283451 /* ForceHTTP.h */ = {isa = PBXFileReference; fileEncoding = 4; lastKnownFileType = sourcecode.c.h; path = ForceHTTP.h; sourceTree = "<group>"; };
		D652621720CB5DB400283451 /* Info-iOS.plist */ = {isa = PBXFileReference; lastKnownFileType = text.plist.xml; path = "Info-iOS.plist"; sourceTree = "<group>"; };
		D652621920CB5E8100283451 /* FHTTPConnection.swift */ = {isa = PBXFileReference; fileEncoding = 4; lastKnownFileType = sourcecode.swift; path = FHTTPConnection.swift; sourceTree = "<group>"; };
		D652621A20CB5E8100283451 /* FHTTPRequest.swift */ = {isa = PBXFileReference; fileEncoding = 4; lastKnownFileType = sourcecode.swift; path = FHTTPRequest.swift; sourceTree = "<group>"; };
		D652621B20CB5E8100283451 /* FHTTPForm.swift */ = {isa = PBXFileReference; fileEncoding = 4; lastKnownFileType = sourcecode.swift; path = FHTTPForm.swift; sourceTree = "<group>"; };
		D652621C20CB5E8100283451 /* FHTTPScheme.swift */ = {isa = PBXFileReference; fileEncoding = 4; lastKnownFileType = sourcecode.swift; path = FHTTPScheme.swift; sourceTree = "<group>"; };
		D652621D20CB5E8100283451 /* FHTTPSession.swift */ = {isa = PBXFileReference; fileEncoding = 4; lastKnownFileType = sourcecode.swift; path = FHTTPSession.swift; sourceTree = "<group>"; };
		D652621E20CB5E8100283451 /* FHTTPService.swift */ = {isa = PBXFileReference; fileEncoding = 4; lastKnownFileType = sourcecode.swift; path = FHTTPService.swift; sourceTree = "<group>"; };
		D652621F20CB5E8100283451 /* FHTTPMethod.swift */ = {isa = PBXFileReference; fileEncoding = 4; lastKnownFileType = sourcecode.swift; path = FHTTPMethod.swift; sourceTree = "<group>"; };
		D652622020CB5E8100283451 /* FHTTPHeader.swift */ = {isa = PBXFileReference; fileEncoding = 4; lastKnownFileType = sourcecode.swift; path = FHTTPHeader.swift; sourceTree = "<group>"; };
		D652622120CB5E8100283451 /* FHTTPResponse.swift */ = {isa = PBXFileReference; fileEncoding = 4; lastKnownFileType = sourcecode.swift; path = FHTTPResponse.swift; sourceTree = "<group>"; };
		D652622220CB5E8100283451 /* FHTTPError.swift */ = {isa = PBXFileReference; fileEncoding = 4; lastKnownFileType = sourcecode.swift; path = FHTTPError.swift; sourceTree = "<group>"; };
/* End PBXFileReference section */

/* Begin PBXFrameworksBuildPhase section */
		D65261EE20CB5D3C00283451 /* Frameworks */ = {
			isa = PBXFrameworksBuildPhase;
			buildActionMask = 2147483647;
			files = (
			);
			runOnlyForDeploymentPostprocessing = 0;
		};
/* End PBXFrameworksBuildPhase section */

/* Begin PBXGroup section */
		D65261E720CB5D3C00283451 = {
			isa = PBXGroup;
			children = (
				D65261FD20CB5D6500283451 /* Sources */,
				D65261FC20CB5D6500283451 /* FrameworkFiles */,
				D65261F220CB5D3C00283451 /* Products */,
			);
			sourceTree = "<group>";
		};
		D65261F220CB5D3C00283451 /* Products */ = {
			isa = PBXGroup;
			children = (
				D65261F120CB5D3C00283451 /* ForceHTTP.framework */,
			);
			name = Products;
			sourceTree = "<group>";
		};
		D65261FC20CB5D6500283451 /* FrameworkFiles */ = {
			isa = PBXGroup;
			children = (
				D652621720CB5DB400283451 /* Info-iOS.plist */,
				D652621420CB5D8100283451 /* ForceHTTP.h */,
			);
			path = FrameworkFiles;
			sourceTree = "<group>";
		};
		D65261FD20CB5D6500283451 /* Sources */ = {
			isa = PBXGroup;
			children = (
				D652621820CB5E8100283451 /* ForceHTTP */,
			);
			path = Sources;
			sourceTree = "<group>";
		};
		D652621820CB5E8100283451 /* ForceHTTP */ = {
			isa = PBXGroup;
			children = (
				D652621920CB5E8100283451 /* FHTTPConnection.swift */,
				D652621A20CB5E8100283451 /* FHTTPRequest.swift */,
				D652621B20CB5E8100283451 /* FHTTPForm.swift */,
				D652621C20CB5E8100283451 /* FHTTPScheme.swift */,
				D652621D20CB5E8100283451 /* FHTTPSession.swift */,
				D652621E20CB5E8100283451 /* FHTTPService.swift */,
				D652621F20CB5E8100283451 /* FHTTPMethod.swift */,
				D652622020CB5E8100283451 /* FHTTPHeader.swift */,
				D652622120CB5E8100283451 /* FHTTPResponse.swift */,
				D652622220CB5E8100283451 /* FHTTPError.swift */,
			);
			path = ForceHTTP;
			sourceTree = "<group>";
		};
/* End PBXGroup section */

/* Begin PBXHeadersBuildPhase section */
		D65261EC20CB5D3C00283451 /* Headers */ = {
			isa = PBXHeadersBuildPhase;
			buildActionMask = 2147483647;
			files = (
				D652621620CB5D8100283451 /* ForceHTTP.h in Headers */,
			);
			runOnlyForDeploymentPostprocessing = 0;
		};
/* End PBXHeadersBuildPhase section */

/* Begin PBXNativeTarget section */
		D65261F020CB5D3C00283451 /* ForceHTTP-iOS */ = {
			isa = PBXNativeTarget;
			buildConfigurationList = D65261F920CB5D3C00283451 /* Build configuration list for PBXNativeTarget "ForceHTTP-iOS" */;
			buildPhases = (
				D65261EC20CB5D3C00283451 /* Headers */,
				D65261ED20CB5D3C00283451 /* Sources */,
				D65261EE20CB5D3C00283451 /* Frameworks */,
				D65261EF20CB5D3C00283451 /* Resources */,
			);
			buildRules = (
			);
			dependencies = (
			);
			name = "ForceHTTP-iOS";
			productName = ForthHTTP;
			productReference = D65261F120CB5D3C00283451 /* ForceHTTP.framework */;
			productType = "com.apple.product-type.framework";
		};
/* End PBXNativeTarget section */

/* Begin PBXProject section */
		D65261E820CB5D3C00283451 /* Project object */ = {
			isa = PBXProject;
			attributes = {
				LastUpgradeCheck = 1000;
				ORGANIZATIONNAME = omochimetaru.com;
				TargetAttributes = {
					D65261F020CB5D3C00283451 = {
						CreatedOnToolsVersion = 10.0;
					};
				};
			};
			buildConfigurationList = D65261EB20CB5D3C00283451 /* Build configuration list for PBXProject "ForceHTTP" */;
			compatibilityVersion = "Xcode 9.3";
			developmentRegion = en;
			hasScannedForEncodings = 0;
			knownRegions = (
				en,
			);
			mainGroup = D65261E720CB5D3C00283451;
			productRefGroup = D65261F220CB5D3C00283451 /* Products */;
			projectDirPath = "";
			projectRoot = "";
			targets = (
				D65261F020CB5D3C00283451 /* ForceHTTP-iOS */,
			);
		};
/* End PBXProject section */

/* Begin PBXResourcesBuildPhase section */
		D65261EF20CB5D3C00283451 /* Resources */ = {
			isa = PBXResourcesBuildPhase;
			buildActionMask = 2147483647;
			files = (
			);
			runOnlyForDeploymentPostprocessing = 0;
		};
/* End PBXResourcesBuildPhase section */

/* Begin PBXSourcesBuildPhase section */
		D65261ED20CB5D3C00283451 /* Sources */ = {
			isa = PBXSourcesBuildPhase;
			buildActionMask = 2147483647;
			files = (
				D652622420CB5E8100283451 /* FHTTPRequest.swift in Sources */,
				D652622320CB5E8100283451 /* FHTTPConnection.swift in Sources */,
				D652622720CB5E8100283451 /* FHTTPSession.swift in Sources */,
				D652622A20CB5E8100283451 /* FHTTPHeader.swift in Sources */,
				D652622520CB5E8100283451 /* FHTTPForm.swift in Sources */,
				D652622920CB5E8100283451 /* FHTTPMethod.swift in Sources */,
				D652622B20CB5E8100283451 /* FHTTPResponse.swift in Sources */,
				D652622C20CB5E8100283451 /* FHTTPError.swift in Sources */,
				D652622820CB5E8100283451 /* FHTTPService.swift in Sources */,
				D652622620CB5E8100283451 /* FHTTPScheme.swift in Sources */,
			);
			runOnlyForDeploymentPostprocessing = 0;
		};
/* End PBXSourcesBuildPhase section */

/* Begin XCBuildConfiguration section */
		D65261F720CB5D3C00283451 /* Debug */ = {
			isa = XCBuildConfiguration;
			buildSettings = {
				ALWAYS_SEARCH_USER_PATHS = NO;
				CLANG_ANALYZER_NONNULL = YES;
				CLANG_ANALYZER_NUMBER_OBJECT_CONVERSION = YES_AGGRESSIVE;
				CLANG_CXX_LANGUAGE_STANDARD = "gnu++14";
				CLANG_CXX_LIBRARY = "libc++";
				CLANG_ENABLE_MODULES = YES;
				CLANG_ENABLE_OBJC_ARC = YES;
				CLANG_ENABLE_OBJC_WEAK = YES;
				CLANG_WARN_BLOCK_CAPTURE_AUTORELEASING = YES;
				CLANG_WARN_BOOL_CONVERSION = YES;
				CLANG_WARN_COMMA = YES;
				CLANG_WARN_CONSTANT_CONVERSION = YES;
				CLANG_WARN_DEPRECATED_OBJC_IMPLEMENTATIONS = YES;
				CLANG_WARN_DIRECT_OBJC_ISA_USAGE = YES_ERROR;
				CLANG_WARN_DOCUMENTATION_COMMENTS = YES;
				CLANG_WARN_EMPTY_BODY = YES;
				CLANG_WARN_ENUM_CONVERSION = YES;
				CLANG_WARN_INFINITE_RECURSION = YES;
				CLANG_WARN_INT_CONVERSION = YES;
				CLANG_WARN_NON_LITERAL_NULL_CONVERSION = YES;
				CLANG_WARN_OBJC_IMPLICIT_RETAIN_SELF = YES;
				CLANG_WARN_OBJC_LITERAL_CONVERSION = YES;
				CLANG_WARN_OBJC_ROOT_CLASS = YES_ERROR;
				CLANG_WARN_RANGE_LOOP_ANALYSIS = YES;
				CLANG_WARN_STRICT_PROTOTYPES = YES;
				CLANG_WARN_SUSPICIOUS_MOVE = YES;
				CLANG_WARN_UNGUARDED_AVAILABILITY = YES_AGGRESSIVE;
				CLANG_WARN_UNREACHABLE_CODE = YES;
				CLANG_WARN__DUPLICATE_METHOD_MATCH = YES;
				CODE_SIGN_IDENTITY = "iPhone Developer";
				COPY_PHASE_STRIP = NO;
				CURRENT_PROJECT_VERSION = 1;
				DEBUG_INFORMATION_FORMAT = dwarf;
				ENABLE_STRICT_OBJC_MSGSEND = YES;
				ENABLE_TESTABILITY = YES;
				GCC_C_LANGUAGE_STANDARD = gnu11;
				GCC_DYNAMIC_NO_PIC = NO;
				GCC_NO_COMMON_BLOCKS = YES;
				GCC_OPTIMIZATION_LEVEL = 0;
				GCC_PREPROCESSOR_DEFINITIONS = (
					"DEBUG=1",
					"$(inherited)",
				);
				GCC_WARN_64_TO_32_BIT_CONVERSION = YES;
				GCC_WARN_ABOUT_RETURN_TYPE = YES_ERROR;
				GCC_WARN_UNDECLARED_SELECTOR = YES;
				GCC_WARN_UNINITIALIZED_AUTOS = YES_AGGRESSIVE;
				GCC_WARN_UNUSED_FUNCTION = YES;
				GCC_WARN_UNUSED_VARIABLE = YES;
				IPHONEOS_DEPLOYMENT_TARGET = 12.0;
				MTL_ENABLE_DEBUG_INFO = INCLUDE_SOURCE;
				ONLY_ACTIVE_ARCH = YES;
				SDKROOT = iphoneos;
				SWIFT_ACTIVE_COMPILATION_CONDITIONS = DEBUG;
				SWIFT_OPTIMIZATION_LEVEL = "-Onone";
				VERSIONING_SYSTEM = "apple-generic";
				VERSION_INFO_PREFIX = "";
			};
			name = Debug;
		};
		D65261F820CB5D3C00283451 /* Release */ = {
			isa = XCBuildConfiguration;
			buildSettings = {
				ALWAYS_SEARCH_USER_PATHS = NO;
				CLANG_ANALYZER_NONNULL = YES;
				CLANG_ANALYZER_NUMBER_OBJECT_CONVERSION = YES_AGGRESSIVE;
				CLANG_CXX_LANGUAGE_STANDARD = "gnu++14";
				CLANG_CXX_LIBRARY = "libc++";
				CLANG_ENABLE_MODULES = YES;
				CLANG_ENABLE_OBJC_ARC = YES;
				CLANG_ENABLE_OBJC_WEAK = YES;
				CLANG_WARN_BLOCK_CAPTURE_AUTORELEASING = YES;
				CLANG_WARN_BOOL_CONVERSION = YES;
				CLANG_WARN_COMMA = YES;
				CLANG_WARN_CONSTANT_CONVERSION = YES;
				CLANG_WARN_DEPRECATED_OBJC_IMPLEMENTATIONS = YES;
				CLANG_WARN_DIRECT_OBJC_ISA_USAGE = YES_ERROR;
				CLANG_WARN_DOCUMENTATION_COMMENTS = YES;
				CLANG_WARN_EMPTY_BODY = YES;
				CLANG_WARN_ENUM_CONVERSION = YES;
				CLANG_WARN_INFINITE_RECURSION = YES;
				CLANG_WARN_INT_CONVERSION = YES;
				CLANG_WARN_NON_LITERAL_NULL_CONVERSION = YES;
				CLANG_WARN_OBJC_IMPLICIT_RETAIN_SELF = YES;
				CLANG_WARN_OBJC_LITERAL_CONVERSION = YES;
				CLANG_WARN_OBJC_ROOT_CLASS = YES_ERROR;
				CLANG_WARN_RANGE_LOOP_ANALYSIS = YES;
				CLANG_WARN_STRICT_PROTOTYPES = YES;
				CLANG_WARN_SUSPICIOUS_MOVE = YES;
				CLANG_WARN_UNGUARDED_AVAILABILITY = YES_AGGRESSIVE;
				CLANG_WARN_UNREACHABLE_CODE = YES;
				CLANG_WARN__DUPLICATE_METHOD_MATCH = YES;
				CODE_SIGN_IDENTITY = "iPhone Developer";
				COPY_PHASE_STRIP = NO;
				CURRENT_PROJECT_VERSION = 1;
				DEBUG_INFORMATION_FORMAT = "dwarf-with-dsym";
				ENABLE_NS_ASSERTIONS = NO;
				ENABLE_STRICT_OBJC_MSGSEND = YES;
				GCC_C_LANGUAGE_STANDARD = gnu11;
				GCC_NO_COMMON_BLOCKS = YES;
				GCC_WARN_64_TO_32_BIT_CONVERSION = YES;
				GCC_WARN_ABOUT_RETURN_TYPE = YES_ERROR;
				GCC_WARN_UNDECLARED_SELECTOR = YES;
				GCC_WARN_UNINITIALIZED_AUTOS = YES_AGGRESSIVE;
				GCC_WARN_UNUSED_FUNCTION = YES;
				GCC_WARN_UNUSED_VARIABLE = YES;
				IPHONEOS_DEPLOYMENT_TARGET = 12.0;
				MTL_ENABLE_DEBUG_INFO = NO;
				SDKROOT = iphoneos;
				SWIFT_COMPILATION_MODE = wholemodule;
				SWIFT_OPTIMIZATION_LEVEL = "-O";
				VALIDATE_PRODUCT = YES;
				VERSIONING_SYSTEM = "apple-generic";
				VERSION_INFO_PREFIX = "";
			};
			name = Release;
		};
		D65261FA20CB5D3C00283451 /* Debug */ = {
			isa = XCBuildConfiguration;
			buildSettings = {
				CODE_SIGN_IDENTITY = "";
				CODE_SIGN_STYLE = Automatic;
				DEFINES_MODULE = YES;
				DYLIB_COMPATIBILITY_VERSION = 1;
				DYLIB_CURRENT_VERSION = 1;
				DYLIB_INSTALL_NAME_BASE = "@rpath";
				INFOPLIST_FILE = "$(SRCROOT)/FrameworkFiles/Info-iOS.plist";
				INSTALL_PATH = "$(LOCAL_LIBRARY_DIR)/Frameworks";
				LD_RUNPATH_SEARCH_PATHS = (
					"$(inherited)",
					"@executable_path/Frameworks",
					"@loader_path/Frameworks",
				);
				PRODUCT_BUNDLE_IDENTIFIER = com.omochimetaru.ForceHTTP;
				PRODUCT_NAME = ForceHTTP;
				SKIP_INSTALL = YES;
				SWIFT_VERSION = 4.2;
				TARGETED_DEVICE_FAMILY = "1,2";
			};
			name = Debug;
		};
		D65261FB20CB5D3C00283451 /* Release */ = {
			isa = XCBuildConfiguration;
			buildSettings = {
				CODE_SIGN_IDENTITY = "";
				CODE_SIGN_STYLE = Automatic;
				DEFINES_MODULE = YES;
				DYLIB_COMPATIBILITY_VERSION = 1;
				DYLIB_CURRENT_VERSION = 1;
				DYLIB_INSTALL_NAME_BASE = "@rpath";
				INFOPLIST_FILE = "$(SRCROOT)/FrameworkFiles/Info-iOS.plist";
				INSTALL_PATH = "$(LOCAL_LIBRARY_DIR)/Frameworks";
				LD_RUNPATH_SEARCH_PATHS = (
					"$(inherited)",
					"@executable_path/Frameworks",
					"@loader_path/Frameworks",
				);
				PRODUCT_BUNDLE_IDENTIFIER = com.omochimetaru.ForceHTTP;
				PRODUCT_NAME = ForceHTTP;
				SKIP_INSTALL = YES;
				SWIFT_VERSION = 4.2;
				TARGETED_DEVICE_FAMILY = "1,2";
			};
			name = Release;
		};
/* End XCBuildConfiguration section */

/* Begin XCConfigurationList section */
		D65261EB20CB5D3C00283451 /* Build configuration list for PBXProject "ForceHTTP" */ = {
			isa = XCConfigurationList;
			buildConfigurations = (
				D65261F720CB5D3C00283451 /* Debug */,
				D65261F820CB5D3C00283451 /* Release */,
			);
			defaultConfigurationIsVisible = 0;
			defaultConfigurationName = Release;
		};
		D65261F920CB5D3C00283451 /* Build configuration list for PBXNativeTarget "ForceHTTP-iOS" */ = {
			isa = XCConfigurationList;
			buildConfigurations = (
				D65261FA20CB5D3C00283451 /* Debug */,
				D65261FB20CB5D3C00283451 /* Release */,
			);
			defaultConfigurationIsVisible = 0;
			defaultConfigurationName = Release;
		};
/* End XCConfigurationList section */
	};
	rootObject = D65261E820CB5D3C00283451 /* Project object */;
}
